<?xml version="1.0" encoding="UTF-8" standalone="yes" ?>
<CodeBlocks_project_file>
	<FileVersion major="1" minor="6" />
	<Project>
		<Option title="Projet_Jeux_Videos" />
		<Option pch_mode="2" />
		<Option compiler="gcc" />
		<Option virtualFolders="models/;views/;controllers/;resources/" />
		<Build>
			<Target title="Debug">
				<Option output="bin/Debug/Projet_Jeux_Videos" prefix_auto="1" extension_auto="1" />
				<Option object_output="obj/Debug/" />
				<Option type="1" />
				<Option compiler="gcc" />
				<Compiler>
					<Add option="-g" />
					<Add directory="SFML/include" />
					<Add directory="models" />
					<Add directory="views" />
					<Add directory="controllers" />
				</Compiler>
				<Linker>
					<Add library="sfml-graphics" />
					<Add library="sfml-system" />
					<Add library="sfml-window" />
					<Add directory="SFML/lib" />
				</Linker>
			</Target>
			<Target title="Release">
				<Option output="bin/Release/Projet_Jeux_Videos" prefix_auto="1" extension_auto="1" />
				<Option object_output="obj/Release/" />
				<Option type="0" />
				<Option compiler="gcc" />
				<Compiler>
					<Add option="-O2" />
					<Add directory="models" />
					<Add directory="views" />
					<Add directory="controllers" />
				</Compiler>
				<Linker>
					<Add option="-s" />
					<Add library="sfml-graphics" />
					<Add library="sfml-window" />
					<Add library="sfml-system" />
				</Linker>
			</Target>
		</Build>
		<Compiler>
			<Add option="-Wall" />
			<Add directory="SFML/include" />
		</Compiler>
		<Linker>
			<Add library="mingw32" />
			<Add library="user32" />
			<Add library="gdi32" />
			<Add library="winmm" />
			<Add library="dxguid" />
			<Add library="sfml-graphics" />
			<Add library="sfml-window" />
			<Add library="sfml-system" />
			<Add directory="SFML/lib" />
		</Linker>
		<Unit filename="cb.bmp" />
		<Unit filename="controllers/Game.cpp" />
		<Unit filename="controllers/Game.h" />
		<Unit filename="controllers/PlayerController.cpp" />
		<Unit filename="controllers/PlayerController.h" />
		<Unit filename="main.cpp" />
		<Unit filename="models/BossModel.cpp" />
		<Unit filename="models/BossModel.h" />
		<Unit filename="models/Character.cpp" />
		<Unit filename="models/Character.h" />
		<Unit filename="models/Entity.cpp" />
		<Unit filename="models/Entity.h" />
		<Unit filename="models/LevelModel.cpp" />
		<Unit filename="models/LevelModel.h" />
		<Unit filename="models/PlayerModel.cpp" />
		<Unit filename="models/PlayerModel.h" />
		<Unit filename="views/Background.cpp" />
		<Unit filename="views/Background.h" />
		<Unit filename="views/BossView.cpp" />
		<Unit filename="views/BossView.h" />
		<Unit filename="views/HudView.cpp" />
		<Unit filename="views/HudView.h" />
		<Unit filename="views/LevelView.cpp" />
		<Unit filename="views/LevelView.h" />
		<Unit filename="views/PlayerView.cpp" />
		<Unit filename="views/PlayerView.h" />
		<Extensions>
			<lib_finder disable_auto="1" />
		</Extensions>
	</Project>
</CodeBlocks_project_file>
