<?xml version="1.0" encoding="UTF-8" standalone="yes" ?>
<CodeBlocks_project_file>
	<FileVersion major="1" minor="6" />
	<Project>
		<Option title="Projet_Jeux_Videos" />
		<Option pch_mode="2" />
		<Option compiler="gcc" />
		<Option virtualFolders="models/;views/;controllers/;resources/" />
		<Build>
			<Target title="Debug">
				<Option output="bin/Debug/Projet_Jeux_Videos" prefix_auto="1" extension_auto="1" />
				<Option object_output="obj/Debug/" />
				<Option type="1" />
				<Option compiler="gcc" />
				<Compiler>
					<Add option="-g" />
					<Add directory="SFML/include" />
					<Add directory="models" />
					<Add directory="views" />
					<Add directory="controllers" />
					<Add directory="include" />
					<Add directory="controllers/command" />
				</Compiler>
				<Linker>
					<Add library="sfml-graphics" />
					<Add library="sfml-system" />
					<Add library="sfml-window" />
					<Add directory="SFML/lib" />
				</Linker>
			</Target>
			<Target title="Release">
				<Option output="bin/Release/Projet_Jeux_Videos" prefix_auto="1" extension_auto="1" />
				<Option object_output="obj/Release/" />
				<Option type="0" />
				<Option compiler="gcc" />
				<Compiler>
					<Add option="-O2" />
					<Add directory="models" />
					<Add directory="views" />
					<Add directory="controllers" />
					<Add directory="include" />
					<Add directory="controllers/command" />
				</Compiler>
				<Linker>
					<Add option="-s" />
					<Add library="sfml-graphics" />
					<Add library="sfml-window" />
					<Add library="sfml-system" />
				</Linker>
			</Target>
		</Build>
		<Compiler>
			<Add option="-Wall" />
			<Add directory="SFML/include" />
		</Compiler>
		<Linker>
			<Add library="mingw32" />
			<Add library="user32" />
			<Add library="gdi32" />
			<Add library="winmm" />
			<Add library="dxguid" />
			<Add library="sfml-graphics" />
			<Add library="sfml-window" />
			<Add library="sfml-system" />
			<Add directory="SFML/lib" />
		</Linker>
		<Unit filename="cb.bmp" />
		<Unit filename="controllers/Game.cpp" />
		<Unit filename="controllers/Game.h" />
		<Unit filename="controllers/MenuController.cpp" />
		<Unit filename="controllers/MenuController.h" />
		<Unit filename="controllers/PauseController.cpp" />
		<Unit filename="controllers/PauseController.h" />
		<Unit filename="controllers/PlayerController.cpp" />
		<Unit filename="controllers/PlayerController.h" />
		<Unit filename="controllers/command/AttackCommand.cpp" />
		<Unit filename="controllers/command/AttackCommand.h" />
		<Unit filename="controllers/command/DashCommand.cpp" />
		<Unit filename="controllers/command/DashCommand.h" />
		<Unit filename="controllers/command/ICommand.cpp" />
		<Unit filename="controllers/command/ICommand.h" />
		<Unit filename="controllers/command/InputHandler.cpp" />
		<Unit filename="controllers/command/InputHandler.h" />
		<Unit filename="controllers/command/InteractCommand.cpp" />
		<Unit filename="controllers/command/InteractCommand.h" />
		<Unit filename="controllers/command/JumpCommand.cpp" />
		<Unit filename="controllers/command/JumpCommand.h" />
		<Unit filename="controllers/command/MoveLeftCommand.cpp" />
		<Unit filename="controllers/command/MoveLeftCommand.h" />
		<Unit filename="controllers/command/MoveRightCommand.cpp" />
		<Unit filename="controllers/command/MoveRightCommand.h" />
		<Unit filename="controllers/command/PauseCommand.cpp" />
		<Unit filename="controllers/command/PauseCommand.h" />
		<Unit filename="include/Loot.h" />
		<Unit filename="main.cpp" />
		<Unit filename="models/BossModel.cpp" />
		<Unit filename="models/BossModel.h" />
		<Unit filename="models/Character.cpp" />
		<Unit filename="models/Character.h" />
		<Unit filename="models/Entity.cpp" />
		<Unit filename="models/Entity.h" />
		<Unit filename="models/LevelModel.cpp" />
		<Unit filename="models/LevelModel.h" />
		<Unit filename="models/MenuModel.cpp" />
		<Unit filename="models/MenuModel.h" />
		<Unit filename="models/PauseModel.cpp" />
		<Unit filename="models/PauseModel.h" />
		<Unit filename="models/PlantModel.cpp" />
		<Unit filename="models/PlantModel.h" />
		<Unit filename="models/PlayerModel.cpp" />
		<Unit filename="models/PlayerModel.h" />
		<Unit filename="models/SnakeModel.cpp" />
		<Unit filename="models/SnakeModel.h" />
		<Unit filename="models/SpiderModel.cpp" />
		<Unit filename="models/SpiderModel.h" />
		<Unit filename="models/WorldTransitionModel.cpp" />
		<Unit filename="models/WorldTransitionModel.h" />
		<Unit filename="src/Loot.cpp" />
		<Unit filename="views/Background.cpp" />
		<Unit filename="views/Background.h" />
		<Unit filename="views/BossView.cpp" />
		<Unit filename="views/BossView.h" />
		<Unit filename="views/HudView.cpp" />
		<Unit filename="views/HudView.h" />
		<Unit filename="views/LevelView.cpp" />
		<Unit filename="views/LevelView.h" />
		<Unit filename="views/MenuView.cpp" />
		<Unit filename="views/MenuView.h" />
		<Unit filename="views/NpcView.cpp" />
		<Unit filename="views/NpcView.h" />
		<Unit filename="views/PauseView.cpp" />
		<Unit filename="views/PauseView.h" />
		<Unit filename="views/PlantView.cpp" />
		<Unit filename="views/PlantView.h" />
		<Unit filename="views/PlayerView.cpp" />
		<Unit filename="views/PlayerView.h" />
		<Unit filename="views/SnakeView.cpp" />
		<Unit filename="views/SpiderView.cpp" />
		<Unit filename="views/SpiderView.h" />
		<Unit filename="views/WorldTransitionView.cpp" />
		<Unit filename="views/WorldTransitionView.h" />
		<Extensions>
			<lib_finder disable_auto="1" />
		</Extensions>
	</Project>
</CodeBlocks_project_file>
